
Microsoft Visual Studio Solution File, Format Version 12.00
# Visual Studio Version 17
VisualStudioVersion = 17.2.32630.192
MinimumVisualStudioVersion = 10.0.40219.1
Project("{9A19103F-16F7-4668-BE54-9A1E7A4F7556}") = "EntendendoAlgoritmos", "EntendendoAlgoritmos.csproj", "{CC6C63C3-A583-4847-9E5C-45C70D66C65E}"
EndProject
Global
	GlobalSection(SolutionConfigurationPlatforms) = preSolution
		Debug|Any CPU = Debug|Any CPU
		Release|Any CPU = Release|Any CPU
	EndGlobalSection
	GlobalSection(ProjectConfigurationPlatforms) = postSolution
		{CC6C63C3-A583-4847-9E5C-45C70D66C65E}.Debug|Any CPU.ActiveCfg = Debug|Any CPU
		{CC6C63C3-A583-4847-9E5C-45C70D66C65E}.Debug|Any CPU.Build.0 = Debug|Any CPU
		{CC6C63C3-A583-4847-9E5C-45C70D66C65E}.Release|Any CPU.ActiveCfg = Release|Any CPU
		{CC6C63C3-A583-4847-9E5C-45C70D66C65E}.Release|Any CPU.Build.0 = Release|Any CPU
	EndGlobalSection
	GlobalSection(SolutionProperties) = preSolution
		HideSolutionNode = FALSE
	EndGlobalSection
	GlobalSection(ExtensibilityGlobals) = postSolution
		SolutionGuid = {FC9F35A7-6579-491A-A933-F617165C2F15}
	EndGlobalSection
EndGlobal
